
Microsoft Visual Studio Solution File, Format Version 12.00
# Visual Studio 14
VisualStudioVersion = 14.0.24720.0
MinimumVisualStudioVersion = 10.0.40219.1
Project("{FAE04EC0-301F-11D3-BF4B-00C04F79EFBC}") = "Day1_NotQuiteLisp", "Day1_NotQuiteLisp\Day1_NotQuiteLisp.csproj", "{8A6C90EF-140A-44E0-9CBD-9C178A8BC4A2}"
EndProject
Project("{FAE04EC0-301F-11D3-BF4B-00C04F79EFBC}") = "Day2_IWasToldThereWouldBeNoMath", "Day2_IWasToldThereWouldBeNoMath\Day2_IWasToldThereWouldBeNoMath.csproj", "{F3BC7ED8-CF82-4167-8840-DCA0107BE8EE}"
EndProject
Project("{FAE04EC0-301F-11D3-BF4B-00C04F79EFBC}") = "Day3_PerfectlySphericalHousesInAVacuum", "Day3_PerfectlySphericalHousesInAVacuum\Day3_PerfectlySphericalHousesInAVacuum.csproj", "{1F18DA3F-764B-4E21-9225-F73BCB5A363F}"
EndProject
Project("{FAE04EC0-301F-11D3-BF4B-00C04F79EFBC}") = "LibHouse", "LibHouse\LibHouse.csproj", "{354C7C04-D298-47E0-8CF2-419CDD6EA96E}"
EndProject
Project("{FAE04EC0-301F-11D3-BF4B-00C04F79EFBC}") = "libAdventCoin", "libAdventCoin\libAdventCoin.csproj", "{49AAA1EB-63A7-493C-8F5C-5FBC3F1D6322}"
EndProject
Global
	GlobalSection(SolutionConfigurationPlatforms) = preSolution
		Debug|Any CPU = Debug|Any CPU
		Release|Any CPU = Release|Any CPU
	EndGlobalSection
	GlobalSection(ProjectConfigurationPlatforms) = postSolution
		{8A6C90EF-140A-44E0-9CBD-9C178A8BC4A2}.Debug|Any CPU.ActiveCfg = Debug|Any CPU
		{8A6C90EF-140A-44E0-9CBD-9C178A8BC4A2}.Debug|Any CPU.Build.0 = Debug|Any CPU
		{8A6C90EF-140A-44E0-9CBD-9C178A8BC4A2}.Release|Any CPU.ActiveCfg = Release|Any CPU
		{8A6C90EF-140A-44E0-9CBD-9C178A8BC4A2}.Release|Any CPU.Build.0 = Release|Any CPU
		{F3BC7ED8-CF82-4167-8840-DCA0107BE8EE}.Debug|Any CPU.ActiveCfg = Debug|Any CPU
		{F3BC7ED8-CF82-4167-8840-DCA0107BE8EE}.Debug|Any CPU.Build.0 = Debug|Any CPU
		{F3BC7ED8-CF82-4167-8840-DCA0107BE8EE}.Release|Any CPU.ActiveCfg = Release|Any CPU
		{F3BC7ED8-CF82-4167-8840-DCA0107BE8EE}.Release|Any CPU.Build.0 = Release|Any CPU
		{1F18DA3F-764B-4E21-9225-F73BCB5A363F}.Debug|Any CPU.ActiveCfg = Debug|Any CPU
		{1F18DA3F-764B-4E21-9225-F73BCB5A363F}.Debug|Any CPU.Build.0 = Debug|Any CPU
		{1F18DA3F-764B-4E21-9225-F73BCB5A363F}.Release|Any CPU.ActiveCfg = Release|Any CPU
		{1F18DA3F-764B-4E21-9225-F73BCB5A363F}.Release|Any CPU.Build.0 = Release|Any CPU
		{354C7C04-D298-47E0-8CF2-419CDD6EA96E}.Debug|Any CPU.ActiveCfg = Debug|Any CPU
		{354C7C04-D298-47E0-8CF2-419CDD6EA96E}.Debug|Any CPU.Build.0 = Debug|Any CPU
		{354C7C04-D298-47E0-8CF2-419CDD6EA96E}.Release|Any CPU.ActiveCfg = Release|Any CPU
		{354C7C04-D298-47E0-8CF2-419CDD6EA96E}.Release|Any CPU.Build.0 = Release|Any CPU
		{49AAA1EB-63A7-493C-8F5C-5FBC3F1D6322}.Debug|Any CPU.ActiveCfg = Debug|Any CPU
		{49AAA1EB-63A7-493C-8F5C-5FBC3F1D6322}.Debug|Any CPU.Build.0 = Debug|Any CPU
		{49AAA1EB-63A7-493C-8F5C-5FBC3F1D6322}.Release|Any CPU.ActiveCfg = Release|Any CPU
		{49AAA1EB-63A7-493C-8F5C-5FBC3F1D6322}.Release|Any CPU.Build.0 = Release|Any CPU
	EndGlobalSection
	GlobalSection(SolutionProperties) = preSolution
		HideSolutionNode = FALSE
	EndGlobalSection
EndGlobal
