
Microsoft Visual Studio Solution File, Format Version 12.00
# Visual Studio 14
VisualStudioVersion = 14.0.25420.1
MinimumVisualStudioVersion = 10.0.40219.1
Project("{FAE04EC0-301F-11D3-BF4B-00C04F79EFBC}") = "Day1_NotQuiteLisp", "Projects\2015\Day1_NotQuiteLisp\Day1_NotQuiteLisp.csproj", "{8A6C90EF-140A-44E0-9CBD-9C178A8BC4A2}"
EndProject
Project("{FAE04EC0-301F-11D3-BF4B-00C04F79EFBC}") = "Day2_IWasToldThereWouldBeNoMath", "Projects\2015\Day2_IWasToldThereWouldBeNoMath\Day2_IWasToldThereWouldBeNoMath.csproj", "{F3BC7ED8-CF82-4167-8840-DCA0107BE8EE}"
EndProject
Project("{FAE04EC0-301F-11D3-BF4B-00C04F79EFBC}") = "Day3_PerfectlySphericalHousesInAVacuum", "Projects\2015\Day3_PerfectlySphericalHousesInAVacuum\Day3_PerfectlySphericalHousesInAVacuum.csproj", "{1F18DA3F-764B-4E21-9225-F73BCB5A363F}"
EndProject
Project("{FAE04EC0-301F-11D3-BF4B-00C04F79EFBC}") = "LibHouse", "libs\LibHouse\LibHouse.csproj", "{354C7C04-D298-47E0-8CF2-419CDD6EA96E}"
EndProject
Project("{FAE04EC0-301F-11D3-BF4B-00C04F79EFBC}") = "libAdventCoin", "libs\libAdventCoin\libAdventCoin.csproj", "{49AAA1EB-63A7-493C-8F5C-5FBC3F1D6322}"
EndProject
Project("{FAE04EC0-301F-11D3-BF4B-00C04F79EFBC}") = "TestAdventCoin", "Tests\2015\TestAdventCoin\TestAdventCoin.csproj", "{9144A343-F259-4470-B3ED-2749E58177BF}"
EndProject
Project("{FAE04EC0-301F-11D3-BF4B-00C04F79EFBC}") = "Day4_IdealStockingStuffer", "Projects\2015\Day4_IdealStockingStuffer\Day4_IdealStockingStuffer.csproj", "{5F42B613-59CA-4C68-8400-AE3382565C6F}"
EndProject
Project("{FAE04EC0-301F-11D3-BF4B-00C04F79EFBC}") = "libSanta", "libs\libSanta\libSanta.csproj", "{D7FC2A37-A288-4501-9AFD-9E931E21131E}"
EndProject
Project("{FAE04EC0-301F-11D3-BF4B-00C04F79EFBC}") = "Day5_DoesntHeHaveInternElvesForThis", "Projects\2015\Day5_DoesntHeHaveInternElvesForThis\Day5_DoesntHeHaveInternElvesForThis.csproj", "{8FC04486-8EB3-42C1-9B32-09FBAC56DE30}"
EndProject
Project("{FAE04EC0-301F-11D3-BF4B-00C04F79EFBC}") = "TestSanta", "Tests\2015\TestSanta\TestSanta.csproj", "{24B02A66-0083-40FC-81F5-918CDE87506B}"
EndProject
Project("{FAE04EC0-301F-11D3-BF4B-00C04F79EFBC}") = "libChristmasLight", "libs\libChristmasLight\libChristmasLight.csproj", "{30BA6B70-522A-4EA0-86D0-E032E87DACF1}"
EndProject
Project("{FAE04EC0-301F-11D3-BF4B-00C04F79EFBC}") = "TestChristmasLight", "Tests\2015\TestChristmasLight\TestChristmasLight.csproj", "{E9582ADC-2025-4912-98E6-36BA7AE584FB}"
EndProject
Project("{FAE04EC0-301F-11D3-BF4B-00C04F79EFBC}") = "libChristmasLightsGrid.ViewModel", "libs\libChristmasLightsGrid.ViewModel\libChristmasLightsGrid.ViewModel.csproj", "{86FBE802-E4F9-4E83-911F-0190CD5F142B}"
EndProject
Project("{FAE04EC0-301F-11D3-BF4B-00C04F79EFBC}") = "TestChristmasLightViewModel", "Tests\2015\TestChristmasLightViewModel\TestChristmasLightViewModel.csproj", "{FAE16BE0-5490-41A4-99F6-F4FFA223B492}"
EndProject
Project("{2150E333-8FDC-42A3-9474-1A3956D46DE8}") = "Libs", "Libs", "{6E955E63-1459-4D0D-9D75-DC3E24436173}"
EndProject
Project("{FAE04EC0-301F-11D3-BF4B-00C04F79EFBC}") = "libRelayCommand", "libs\libRelayCommand\libRelayCommand.csproj", "{77C8ECD2-4130-4250-B87B-890872FD3A91}"
EndProject
Project("{2150E333-8FDC-42A3-9474-1A3956D46DE8}") = "Unit Tests", "Unit Tests", "{1110CB56-460E-47BF-AA08-9201BBBAA067}"
EndProject
Project("{FAE04EC0-301F-11D3-BF4B-00C04F79EFBC}") = "Day6_ProbablyAFireHazard", "Projects\2015\Day6_ProbablyAFireHazard\Day6_ProbablyAFireHazard.csproj", "{6A27758B-A133-49ED-ADDB-9C636CEE968B}"
EndProject
Project("{FAE04EC0-301F-11D3-BF4B-00C04F79EFBC}") = "Day6_ProbablyAFirerHazard_Console", "Projects\2015\Day6_ProbablyAFirerHazard_Console\Day6_ProbablyAFirerHazard_Console.csproj", "{5C25B2DC-4199-4561-8479-F753C4E1EE2A}"
EndProject
Project("{FAE04EC0-301F-11D3-BF4B-00C04F79EFBC}") = "Day7Part1_SomeAssemblyRequired", "Projects\2015\Day7Part1_SomeAssemblyRequired\Day7Part1_SomeAssemblyRequired.csproj", "{C8C19641-A2EA-460A-9794-33EE08292911}"
EndProject
Project("{FAE04EC0-301F-11D3-BF4B-00C04F79EFBC}") = "Day8_Matchsticks", "Projects\2015\Day8_Matchsticks\Day8_Matchsticks.csproj", "{CDFC2AFA-8A3A-4CED-A7DC-CDC11583B9CA}"
EndProject
Project("{FAE04EC0-301F-11D3-BF4B-00C04F79EFBC}") = "Day9_AllInASingleNight", "Projects\2015\Day9_AllInASingleNight\Day9_AllInASingleNight.csproj", "{C68DD4E3-8AC4-40C8-9B25-E3D6416C758B}"
EndProject
Project("{FAE04EC0-301F-11D3-BF4B-00C04F79EFBC}") = "Day10_ElevesLookElvesSay", "Projects\2015\Day10_ElevesLookElvesSay\Day10_ElevesLookElvesSay.csproj", "{A760AAFA-6D06-4109-BB06-CC3968ECCAB0}"
EndProject
Project("{FAE04EC0-301F-11D3-BF4B-00C04F79EFBC}") = "Day12_JSAbacusFramework.io", "Projects\2015\Day12_JSAbacusFramework.io\Day12_JSAbacusFramework.io.csproj", "{F7AD1EDC-6AC6-4489-8148-DBE7D04EFC9B}"
EndProject
Project("{2150E333-8FDC-42A3-9474-1A3956D46DE8}") = "2015", "2015", "{BD01B543-4098-4B5D-BE27-638F4D5EE37C}"
EndProject
Project("{2150E333-8FDC-42A3-9474-1A3956D46DE8}") = "2016", "2016", "{5628FDEA-45D3-4CBD-A657-57DB90768E2F}"
EndProject
Project("{2150E333-8FDC-42A3-9474-1A3956D46DE8}") = "2015", "2015", "{619C5746-602D-443C-A007-4C147B2D16BC}"
EndProject
Project("{2150E333-8FDC-42A3-9474-1A3956D46DE8}") = "2016", "2016", "{7F3CCB14-A720-4847-8245-48C2BC11564E}"
EndProject
Project("{2150E333-8FDC-42A3-9474-1A3956D46DE8}") = "Solution Items", "Solution Items", "{88D4F72D-6BE5-4AEE-ABC8-B97890821D06}"
	ProjectSection(SolutionItems) = preProject
		global.json = global.json
	EndProjectSection
EndProject
Project("{FAE04EC0-301F-11D3-BF4B-00C04F79EFBC}") = "Day1_NoTimeForATaxicab", "Projects\2016\Day1_NoTimeForATaxicab\Day1_NoTimeForATaxicab.csproj", "{E7495C97-A3C3-476A-B280-9ACD6512EC45}"
EndProject
Project("{FAE04EC0-301F-11D3-BF4B-00C04F79EFBC}") = "Day2_BathroomSecurity", "Projects\2016\Day2_BathroomSecurity\Day2_BathroomSecurity.csproj", "{2B8058A7-78BB-4EA5-9078-C735774B554E}"
EndProject
Project("{FAE04EC0-301F-11D3-BF4B-00C04F79EFBC}") = "Day3_SquaresWithThreeSides", "Projects\2016\Day3_SquaresWithThreeSides\Day3_SquaresWithThreeSides.csproj", "{D420FCC3-7324-480A-A00D-892C1F0257CF}"
EndProject
Project("{FAE04EC0-301F-11D3-BF4B-00C04F79EFBC}") = "Day4_SecurityThroughObscurity", "Projects\2016\Day4_SecurityThroughObscurity\Day4_SecurityThroughObscurity.csproj", "{9750B596-9C96-4A74-BFDA-81376B20EB1C}"
EndProject
Project("{FAE04EC0-301F-11D3-BF4B-00C04F79EFBC}") = "Day5_HowAboutANiceGameOfChess", "Projects\2016\Day5_HowAboutANiceGameOfChess\Day5_HowAboutANiceGameOfChess.csproj", "{8142A53D-2222-4201-AF39-BEFBA19DFE02}"
EndProject
Project("{FAE04EC0-301F-11D3-BF4B-00C04F79EFBC}") = "Day6_SignalsAndNoise", "Projects\2016\Day6_SignalsAndNoise\Day6_SignalsAndNoise.csproj", "{35F4CAA7-24C6-4726-820C-D4B43CBDDDFE}"
EndProject
Project("{FAE04EC0-301F-11D3-BF4B-00C04F79EFBC}") = "Day7_InternetProtocolVersion7", "Projects\2016\Day7_InternetProtocolVersion7\Day7_InternetProtocolVersion7.csproj", "{0EBBB1CA-E810-4F86-9EDD-124BA2EA433E}"
EndProject
Project("{FAE04EC0-301F-11D3-BF4B-00C04F79EFBC}") = "Day8_TwoFactorAuthentication", "Projects\2016\Day8_TwoFactorAuthentication\Day8_TwoFactorAuthentication.csproj", "{875BD326-7347-4564-B413-961AD1AEF967}"
EndProject
Project("{FAE04EC0-301F-11D3-BF4B-00C04F79EFBC}") = "Day9_ExplosivesInCyberspace", "Projects\2016\Day9_ExplosivesInCyberspace\Day9_ExplosivesInCyberspace.csproj", "{1F85CB32-8E59-489B-B2A8-0F5B9D94B591}"
EndProject
Project("{FAE04EC0-301F-11D3-BF4B-00C04F79EFBC}") = "Day10_BalanceBots", "Projects\2016\Day10_BalanceBots\Day10_BalanceBots.csproj", "{FB9EC3CF-05A1-4947-9AFF-790197E58B65}"
EndProject
Global
	GlobalSection(SolutionConfigurationPlatforms) = preSolution
		Debug|Any CPU = Debug|Any CPU
		Debug|x64 = Debug|x64
		Release|Any CPU = Release|Any CPU
		Release|x64 = Release|x64
	EndGlobalSection
	GlobalSection(ProjectConfigurationPlatforms) = postSolution
		{8A6C90EF-140A-44E0-9CBD-9C178A8BC4A2}.Debug|Any CPU.ActiveCfg = Debug|Any CPU
		{8A6C90EF-140A-44E0-9CBD-9C178A8BC4A2}.Debug|Any CPU.Build.0 = Debug|Any CPU
		{8A6C90EF-140A-44E0-9CBD-9C178A8BC4A2}.Debug|x64.ActiveCfg = Debug|x64
		{8A6C90EF-140A-44E0-9CBD-9C178A8BC4A2}.Debug|x64.Build.0 = Debug|x64
		{8A6C90EF-140A-44E0-9CBD-9C178A8BC4A2}.Release|Any CPU.ActiveCfg = Release|Any CPU
		{8A6C90EF-140A-44E0-9CBD-9C178A8BC4A2}.Release|Any CPU.Build.0 = Release|Any CPU
		{8A6C90EF-140A-44E0-9CBD-9C178A8BC4A2}.Release|x64.ActiveCfg = Release|x64
		{8A6C90EF-140A-44E0-9CBD-9C178A8BC4A2}.Release|x64.Build.0 = Release|x64
		{F3BC7ED8-CF82-4167-8840-DCA0107BE8EE}.Debug|Any CPU.ActiveCfg = Debug|Any CPU
		{F3BC7ED8-CF82-4167-8840-DCA0107BE8EE}.Debug|Any CPU.Build.0 = Debug|Any CPU
		{F3BC7ED8-CF82-4167-8840-DCA0107BE8EE}.Debug|x64.ActiveCfg = Debug|x64
		{F3BC7ED8-CF82-4167-8840-DCA0107BE8EE}.Debug|x64.Build.0 = Debug|x64
		{F3BC7ED8-CF82-4167-8840-DCA0107BE8EE}.Release|Any CPU.ActiveCfg = Release|Any CPU
		{F3BC7ED8-CF82-4167-8840-DCA0107BE8EE}.Release|Any CPU.Build.0 = Release|Any CPU
		{F3BC7ED8-CF82-4167-8840-DCA0107BE8EE}.Release|x64.ActiveCfg = Release|x64
		{F3BC7ED8-CF82-4167-8840-DCA0107BE8EE}.Release|x64.Build.0 = Release|x64
		{1F18DA3F-764B-4E21-9225-F73BCB5A363F}.Debug|Any CPU.ActiveCfg = Debug|Any CPU
		{1F18DA3F-764B-4E21-9225-F73BCB5A363F}.Debug|Any CPU.Build.0 = Debug|Any CPU
		{1F18DA3F-764B-4E21-9225-F73BCB5A363F}.Debug|x64.ActiveCfg = Debug|x64
		{1F18DA3F-764B-4E21-9225-F73BCB5A363F}.Debug|x64.Build.0 = Debug|x64
		{1F18DA3F-764B-4E21-9225-F73BCB5A363F}.Release|Any CPU.ActiveCfg = Release|Any CPU
		{1F18DA3F-764B-4E21-9225-F73BCB5A363F}.Release|Any CPU.Build.0 = Release|Any CPU
		{1F18DA3F-764B-4E21-9225-F73BCB5A363F}.Release|x64.ActiveCfg = Release|x64
		{1F18DA3F-764B-4E21-9225-F73BCB5A363F}.Release|x64.Build.0 = Release|x64
		{354C7C04-D298-47E0-8CF2-419CDD6EA96E}.Debug|Any CPU.ActiveCfg = Debug|Any CPU
		{354C7C04-D298-47E0-8CF2-419CDD6EA96E}.Debug|Any CPU.Build.0 = Debug|Any CPU
		{354C7C04-D298-47E0-8CF2-419CDD6EA96E}.Debug|x64.ActiveCfg = Debug|x64
		{354C7C04-D298-47E0-8CF2-419CDD6EA96E}.Debug|x64.Build.0 = Debug|x64
		{354C7C04-D298-47E0-8CF2-419CDD6EA96E}.Release|Any CPU.ActiveCfg = Release|Any CPU
		{354C7C04-D298-47E0-8CF2-419CDD6EA96E}.Release|Any CPU.Build.0 = Release|Any CPU
		{354C7C04-D298-47E0-8CF2-419CDD6EA96E}.Release|x64.ActiveCfg = Release|x64
		{354C7C04-D298-47E0-8CF2-419CDD6EA96E}.Release|x64.Build.0 = Release|x64
		{49AAA1EB-63A7-493C-8F5C-5FBC3F1D6322}.Debug|Any CPU.ActiveCfg = Debug|Any CPU
		{49AAA1EB-63A7-493C-8F5C-5FBC3F1D6322}.Debug|Any CPU.Build.0 = Debug|Any CPU
		{49AAA1EB-63A7-493C-8F5C-5FBC3F1D6322}.Debug|x64.ActiveCfg = Debug|x64
		{49AAA1EB-63A7-493C-8F5C-5FBC3F1D6322}.Debug|x64.Build.0 = Debug|x64
		{49AAA1EB-63A7-493C-8F5C-5FBC3F1D6322}.Release|Any CPU.ActiveCfg = Release|Any CPU
		{49AAA1EB-63A7-493C-8F5C-5FBC3F1D6322}.Release|Any CPU.Build.0 = Release|Any CPU
		{49AAA1EB-63A7-493C-8F5C-5FBC3F1D6322}.Release|x64.ActiveCfg = Release|x64
		{49AAA1EB-63A7-493C-8F5C-5FBC3F1D6322}.Release|x64.Build.0 = Release|x64
		{9144A343-F259-4470-B3ED-2749E58177BF}.Debug|Any CPU.ActiveCfg = Debug|Any CPU
		{9144A343-F259-4470-B3ED-2749E58177BF}.Debug|Any CPU.Build.0 = Debug|Any CPU
		{9144A343-F259-4470-B3ED-2749E58177BF}.Debug|x64.ActiveCfg = Debug|x64
		{9144A343-F259-4470-B3ED-2749E58177BF}.Debug|x64.Build.0 = Debug|x64
		{9144A343-F259-4470-B3ED-2749E58177BF}.Release|Any CPU.ActiveCfg = Release|Any CPU
		{9144A343-F259-4470-B3ED-2749E58177BF}.Release|Any CPU.Build.0 = Release|Any CPU
		{9144A343-F259-4470-B3ED-2749E58177BF}.Release|x64.ActiveCfg = Release|x64
		{9144A343-F259-4470-B3ED-2749E58177BF}.Release|x64.Build.0 = Release|x64
		{5F42B613-59CA-4C68-8400-AE3382565C6F}.Debug|Any CPU.ActiveCfg = Debug|Any CPU
		{5F42B613-59CA-4C68-8400-AE3382565C6F}.Debug|Any CPU.Build.0 = Debug|Any CPU
		{5F42B613-59CA-4C68-8400-AE3382565C6F}.Debug|x64.ActiveCfg = Debug|x64
		{5F42B613-59CA-4C68-8400-AE3382565C6F}.Debug|x64.Build.0 = Debug|x64
		{5F42B613-59CA-4C68-8400-AE3382565C6F}.Release|Any CPU.ActiveCfg = Release|Any CPU
		{5F42B613-59CA-4C68-8400-AE3382565C6F}.Release|Any CPU.Build.0 = Release|Any CPU
		{5F42B613-59CA-4C68-8400-AE3382565C6F}.Release|x64.ActiveCfg = Release|x64
		{5F42B613-59CA-4C68-8400-AE3382565C6F}.Release|x64.Build.0 = Release|x64
		{D7FC2A37-A288-4501-9AFD-9E931E21131E}.Debug|Any CPU.ActiveCfg = Debug|Any CPU
		{D7FC2A37-A288-4501-9AFD-9E931E21131E}.Debug|Any CPU.Build.0 = Debug|Any CPU
		{D7FC2A37-A288-4501-9AFD-9E931E21131E}.Debug|x64.ActiveCfg = Debug|x64
		{D7FC2A37-A288-4501-9AFD-9E931E21131E}.Debug|x64.Build.0 = Debug|x64
		{D7FC2A37-A288-4501-9AFD-9E931E21131E}.Release|Any CPU.ActiveCfg = Release|Any CPU
		{D7FC2A37-A288-4501-9AFD-9E931E21131E}.Release|Any CPU.Build.0 = Release|Any CPU
		{D7FC2A37-A288-4501-9AFD-9E931E21131E}.Release|x64.ActiveCfg = Release|x64
		{D7FC2A37-A288-4501-9AFD-9E931E21131E}.Release|x64.Build.0 = Release|x64
		{8FC04486-8EB3-42C1-9B32-09FBAC56DE30}.Debug|Any CPU.ActiveCfg = Debug|Any CPU
		{8FC04486-8EB3-42C1-9B32-09FBAC56DE30}.Debug|Any CPU.Build.0 = Debug|Any CPU
		{8FC04486-8EB3-42C1-9B32-09FBAC56DE30}.Debug|x64.ActiveCfg = Debug|x64
		{8FC04486-8EB3-42C1-9B32-09FBAC56DE30}.Debug|x64.Build.0 = Debug|x64
		{8FC04486-8EB3-42C1-9B32-09FBAC56DE30}.Release|Any CPU.ActiveCfg = Release|Any CPU
		{8FC04486-8EB3-42C1-9B32-09FBAC56DE30}.Release|Any CPU.Build.0 = Release|Any CPU
		{8FC04486-8EB3-42C1-9B32-09FBAC56DE30}.Release|x64.ActiveCfg = Release|x64
		{8FC04486-8EB3-42C1-9B32-09FBAC56DE30}.Release|x64.Build.0 = Release|x64
		{24B02A66-0083-40FC-81F5-918CDE87506B}.Debug|Any CPU.ActiveCfg = Debug|Any CPU
		{24B02A66-0083-40FC-81F5-918CDE87506B}.Debug|Any CPU.Build.0 = Debug|Any CPU
		{24B02A66-0083-40FC-81F5-918CDE87506B}.Debug|x64.ActiveCfg = Debug|x64
		{24B02A66-0083-40FC-81F5-918CDE87506B}.Debug|x64.Build.0 = Debug|x64
		{24B02A66-0083-40FC-81F5-918CDE87506B}.Release|Any CPU.ActiveCfg = Release|Any CPU
		{24B02A66-0083-40FC-81F5-918CDE87506B}.Release|Any CPU.Build.0 = Release|Any CPU
		{24B02A66-0083-40FC-81F5-918CDE87506B}.Release|x64.ActiveCfg = Release|x64
		{24B02A66-0083-40FC-81F5-918CDE87506B}.Release|x64.Build.0 = Release|x64
		{30BA6B70-522A-4EA0-86D0-E032E87DACF1}.Debug|Any CPU.ActiveCfg = Debug|Any CPU
		{30BA6B70-522A-4EA0-86D0-E032E87DACF1}.Debug|Any CPU.Build.0 = Debug|Any CPU
		{30BA6B70-522A-4EA0-86D0-E032E87DACF1}.Debug|x64.ActiveCfg = Debug|x64
		{30BA6B70-522A-4EA0-86D0-E032E87DACF1}.Debug|x64.Build.0 = Debug|x64
		{30BA6B70-522A-4EA0-86D0-E032E87DACF1}.Release|Any CPU.ActiveCfg = Release|Any CPU
		{30BA6B70-522A-4EA0-86D0-E032E87DACF1}.Release|Any CPU.Build.0 = Release|Any CPU
		{30BA6B70-522A-4EA0-86D0-E032E87DACF1}.Release|x64.ActiveCfg = Release|x64
		{30BA6B70-522A-4EA0-86D0-E032E87DACF1}.Release|x64.Build.0 = Release|x64
		{E9582ADC-2025-4912-98E6-36BA7AE584FB}.Debug|Any CPU.ActiveCfg = Debug|Any CPU
		{E9582ADC-2025-4912-98E6-36BA7AE584FB}.Debug|Any CPU.Build.0 = Debug|Any CPU
		{E9582ADC-2025-4912-98E6-36BA7AE584FB}.Debug|x64.ActiveCfg = Debug|x64
		{E9582ADC-2025-4912-98E6-36BA7AE584FB}.Debug|x64.Build.0 = Debug|x64
		{E9582ADC-2025-4912-98E6-36BA7AE584FB}.Release|Any CPU.ActiveCfg = Release|Any CPU
		{E9582ADC-2025-4912-98E6-36BA7AE584FB}.Release|Any CPU.Build.0 = Release|Any CPU
		{E9582ADC-2025-4912-98E6-36BA7AE584FB}.Release|x64.ActiveCfg = Release|x64
		{E9582ADC-2025-4912-98E6-36BA7AE584FB}.Release|x64.Build.0 = Release|x64
		{86FBE802-E4F9-4E83-911F-0190CD5F142B}.Debug|Any CPU.ActiveCfg = Debug|Any CPU
		{86FBE802-E4F9-4E83-911F-0190CD5F142B}.Debug|Any CPU.Build.0 = Debug|Any CPU
		{86FBE802-E4F9-4E83-911F-0190CD5F142B}.Debug|x64.ActiveCfg = Debug|x64
		{86FBE802-E4F9-4E83-911F-0190CD5F142B}.Debug|x64.Build.0 = Debug|x64
		{86FBE802-E4F9-4E83-911F-0190CD5F142B}.Release|Any CPU.ActiveCfg = Release|Any CPU
		{86FBE802-E4F9-4E83-911F-0190CD5F142B}.Release|Any CPU.Build.0 = Release|Any CPU
		{86FBE802-E4F9-4E83-911F-0190CD5F142B}.Release|x64.ActiveCfg = Release|x64
		{86FBE802-E4F9-4E83-911F-0190CD5F142B}.Release|x64.Build.0 = Release|x64
		{FAE16BE0-5490-41A4-99F6-F4FFA223B492}.Debug|Any CPU.ActiveCfg = Debug|Any CPU
		{FAE16BE0-5490-41A4-99F6-F4FFA223B492}.Debug|Any CPU.Build.0 = Debug|Any CPU
		{FAE16BE0-5490-41A4-99F6-F4FFA223B492}.Debug|x64.ActiveCfg = Debug|x64
		{FAE16BE0-5490-41A4-99F6-F4FFA223B492}.Debug|x64.Build.0 = Debug|x64
		{FAE16BE0-5490-41A4-99F6-F4FFA223B492}.Release|Any CPU.ActiveCfg = Release|Any CPU
		{FAE16BE0-5490-41A4-99F6-F4FFA223B492}.Release|Any CPU.Build.0 = Release|Any CPU
		{FAE16BE0-5490-41A4-99F6-F4FFA223B492}.Release|x64.ActiveCfg = Release|x64
		{FAE16BE0-5490-41A4-99F6-F4FFA223B492}.Release|x64.Build.0 = Release|x64
		{77C8ECD2-4130-4250-B87B-890872FD3A91}.Debug|Any CPU.ActiveCfg = Debug|Any CPU
		{77C8ECD2-4130-4250-B87B-890872FD3A91}.Debug|Any CPU.Build.0 = Debug|Any CPU
		{77C8ECD2-4130-4250-B87B-890872FD3A91}.Debug|x64.ActiveCfg = Debug|x64
		{77C8ECD2-4130-4250-B87B-890872FD3A91}.Debug|x64.Build.0 = Debug|x64
		{77C8ECD2-4130-4250-B87B-890872FD3A91}.Release|Any CPU.ActiveCfg = Release|Any CPU
		{77C8ECD2-4130-4250-B87B-890872FD3A91}.Release|Any CPU.Build.0 = Release|Any CPU
		{77C8ECD2-4130-4250-B87B-890872FD3A91}.Release|x64.ActiveCfg = Release|x64
		{77C8ECD2-4130-4250-B87B-890872FD3A91}.Release|x64.Build.0 = Release|x64
		{6A27758B-A133-49ED-ADDB-9C636CEE968B}.Debug|Any CPU.ActiveCfg = Debug|Any CPU
		{6A27758B-A133-49ED-ADDB-9C636CEE968B}.Debug|Any CPU.Build.0 = Debug|Any CPU
		{6A27758B-A133-49ED-ADDB-9C636CEE968B}.Debug|x64.ActiveCfg = Debug|x64
		{6A27758B-A133-49ED-ADDB-9C636CEE968B}.Debug|x64.Build.0 = Debug|x64
		{6A27758B-A133-49ED-ADDB-9C636CEE968B}.Release|Any CPU.ActiveCfg = Release|Any CPU
		{6A27758B-A133-49ED-ADDB-9C636CEE968B}.Release|Any CPU.Build.0 = Release|Any CPU
		{6A27758B-A133-49ED-ADDB-9C636CEE968B}.Release|x64.ActiveCfg = Release|x64
		{6A27758B-A133-49ED-ADDB-9C636CEE968B}.Release|x64.Build.0 = Release|x64
		{5C25B2DC-4199-4561-8479-F753C4E1EE2A}.Debug|Any CPU.ActiveCfg = Debug|Any CPU
		{5C25B2DC-4199-4561-8479-F753C4E1EE2A}.Debug|Any CPU.Build.0 = Debug|Any CPU
		{5C25B2DC-4199-4561-8479-F753C4E1EE2A}.Debug|x64.ActiveCfg = Debug|Any CPU
		{5C25B2DC-4199-4561-8479-F753C4E1EE2A}.Debug|x64.Build.0 = Debug|Any CPU
		{5C25B2DC-4199-4561-8479-F753C4E1EE2A}.Release|Any CPU.ActiveCfg = Release|Any CPU
		{5C25B2DC-4199-4561-8479-F753C4E1EE2A}.Release|Any CPU.Build.0 = Release|Any CPU
		{5C25B2DC-4199-4561-8479-F753C4E1EE2A}.Release|x64.ActiveCfg = Release|Any CPU
		{5C25B2DC-4199-4561-8479-F753C4E1EE2A}.Release|x64.Build.0 = Release|Any CPU
		{C8C19641-A2EA-460A-9794-33EE08292911}.Debug|Any CPU.ActiveCfg = Debug|Any CPU
		{C8C19641-A2EA-460A-9794-33EE08292911}.Debug|Any CPU.Build.0 = Debug|Any CPU
		{C8C19641-A2EA-460A-9794-33EE08292911}.Debug|x64.ActiveCfg = Debug|Any CPU
		{C8C19641-A2EA-460A-9794-33EE08292911}.Debug|x64.Build.0 = Debug|Any CPU
		{C8C19641-A2EA-460A-9794-33EE08292911}.Release|Any CPU.ActiveCfg = Release|Any CPU
		{C8C19641-A2EA-460A-9794-33EE08292911}.Release|Any CPU.Build.0 = Release|Any CPU
		{C8C19641-A2EA-460A-9794-33EE08292911}.Release|x64.ActiveCfg = Release|Any CPU
		{C8C19641-A2EA-460A-9794-33EE08292911}.Release|x64.Build.0 = Release|Any CPU
		{CDFC2AFA-8A3A-4CED-A7DC-CDC11583B9CA}.Debug|Any CPU.ActiveCfg = Debug|Any CPU
		{CDFC2AFA-8A3A-4CED-A7DC-CDC11583B9CA}.Debug|Any CPU.Build.0 = Debug|Any CPU
		{CDFC2AFA-8A3A-4CED-A7DC-CDC11583B9CA}.Debug|x64.ActiveCfg = Debug|Any CPU
		{CDFC2AFA-8A3A-4CED-A7DC-CDC11583B9CA}.Debug|x64.Build.0 = Debug|Any CPU
		{CDFC2AFA-8A3A-4CED-A7DC-CDC11583B9CA}.Release|Any CPU.ActiveCfg = Release|Any CPU
		{CDFC2AFA-8A3A-4CED-A7DC-CDC11583B9CA}.Release|Any CPU.Build.0 = Release|Any CPU
		{CDFC2AFA-8A3A-4CED-A7DC-CDC11583B9CA}.Release|x64.ActiveCfg = Release|Any CPU
		{CDFC2AFA-8A3A-4CED-A7DC-CDC11583B9CA}.Release|x64.Build.0 = Release|Any CPU
		{C68DD4E3-8AC4-40C8-9B25-E3D6416C758B}.Debug|Any CPU.ActiveCfg = Debug|Any CPU
		{C68DD4E3-8AC4-40C8-9B25-E3D6416C758B}.Debug|Any CPU.Build.0 = Debug|Any CPU
		{C68DD4E3-8AC4-40C8-9B25-E3D6416C758B}.Debug|x64.ActiveCfg = Debug|Any CPU
		{C68DD4E3-8AC4-40C8-9B25-E3D6416C758B}.Debug|x64.Build.0 = Debug|Any CPU
		{C68DD4E3-8AC4-40C8-9B25-E3D6416C758B}.Release|Any CPU.ActiveCfg = Release|Any CPU
		{C68DD4E3-8AC4-40C8-9B25-E3D6416C758B}.Release|Any CPU.Build.0 = Release|Any CPU
		{C68DD4E3-8AC4-40C8-9B25-E3D6416C758B}.Release|x64.ActiveCfg = Release|Any CPU
		{C68DD4E3-8AC4-40C8-9B25-E3D6416C758B}.Release|x64.Build.0 = Release|Any CPU
		{A760AAFA-6D06-4109-BB06-CC3968ECCAB0}.Debug|Any CPU.ActiveCfg = Debug|Any CPU
		{A760AAFA-6D06-4109-BB06-CC3968ECCAB0}.Debug|Any CPU.Build.0 = Debug|Any CPU
		{A760AAFA-6D06-4109-BB06-CC3968ECCAB0}.Debug|x64.ActiveCfg = Debug|Any CPU
		{A760AAFA-6D06-4109-BB06-CC3968ECCAB0}.Debug|x64.Build.0 = Debug|Any CPU
		{A760AAFA-6D06-4109-BB06-CC3968ECCAB0}.Release|Any CPU.ActiveCfg = Release|Any CPU
		{A760AAFA-6D06-4109-BB06-CC3968ECCAB0}.Release|Any CPU.Build.0 = Release|Any CPU
		{A760AAFA-6D06-4109-BB06-CC3968ECCAB0}.Release|x64.ActiveCfg = Release|Any CPU
		{A760AAFA-6D06-4109-BB06-CC3968ECCAB0}.Release|x64.Build.0 = Release|Any CPU
		{F7AD1EDC-6AC6-4489-8148-DBE7D04EFC9B}.Debug|Any CPU.ActiveCfg = Debug|Any CPU
		{F7AD1EDC-6AC6-4489-8148-DBE7D04EFC9B}.Debug|Any CPU.Build.0 = Debug|Any CPU
		{F7AD1EDC-6AC6-4489-8148-DBE7D04EFC9B}.Debug|x64.ActiveCfg = Debug|Any CPU
		{F7AD1EDC-6AC6-4489-8148-DBE7D04EFC9B}.Debug|x64.Build.0 = Debug|Any CPU
		{F7AD1EDC-6AC6-4489-8148-DBE7D04EFC9B}.Release|Any CPU.ActiveCfg = Release|Any CPU
		{F7AD1EDC-6AC6-4489-8148-DBE7D04EFC9B}.Release|Any CPU.Build.0 = Release|Any CPU
		{F7AD1EDC-6AC6-4489-8148-DBE7D04EFC9B}.Release|x64.ActiveCfg = Release|Any CPU
		{F7AD1EDC-6AC6-4489-8148-DBE7D04EFC9B}.Release|x64.Build.0 = Release|Any CPU
		{E7495C97-A3C3-476A-B280-9ACD6512EC45}.Debug|Any CPU.ActiveCfg = Debug|Any CPU
		{E7495C97-A3C3-476A-B280-9ACD6512EC45}.Debug|Any CPU.Build.0 = Debug|Any CPU
		{E7495C97-A3C3-476A-B280-9ACD6512EC45}.Debug|x64.ActiveCfg = Debug|Any CPU
		{E7495C97-A3C3-476A-B280-9ACD6512EC45}.Debug|x64.Build.0 = Debug|Any CPU
		{E7495C97-A3C3-476A-B280-9ACD6512EC45}.Release|Any CPU.ActiveCfg = Release|Any CPU
		{E7495C97-A3C3-476A-B280-9ACD6512EC45}.Release|Any CPU.Build.0 = Release|Any CPU
		{E7495C97-A3C3-476A-B280-9ACD6512EC45}.Release|x64.ActiveCfg = Release|Any CPU
		{E7495C97-A3C3-476A-B280-9ACD6512EC45}.Release|x64.Build.0 = Release|Any CPU
		{2B8058A7-78BB-4EA5-9078-C735774B554E}.Debug|Any CPU.ActiveCfg = Debug|Any CPU
		{2B8058A7-78BB-4EA5-9078-C735774B554E}.Debug|Any CPU.Build.0 = Debug|Any CPU
		{2B8058A7-78BB-4EA5-9078-C735774B554E}.Debug|x64.ActiveCfg = Debug|Any CPU
		{2B8058A7-78BB-4EA5-9078-C735774B554E}.Debug|x64.Build.0 = Debug|Any CPU
		{2B8058A7-78BB-4EA5-9078-C735774B554E}.Release|Any CPU.ActiveCfg = Release|Any CPU
		{2B8058A7-78BB-4EA5-9078-C735774B554E}.Release|Any CPU.Build.0 = Release|Any CPU
		{2B8058A7-78BB-4EA5-9078-C735774B554E}.Release|x64.ActiveCfg = Release|Any CPU
		{2B8058A7-78BB-4EA5-9078-C735774B554E}.Release|x64.Build.0 = Release|Any CPU
		{D420FCC3-7324-480A-A00D-892C1F0257CF}.Debug|Any CPU.ActiveCfg = Debug|Any CPU
		{D420FCC3-7324-480A-A00D-892C1F0257CF}.Debug|Any CPU.Build.0 = Debug|Any CPU
		{D420FCC3-7324-480A-A00D-892C1F0257CF}.Debug|x64.ActiveCfg = Debug|Any CPU
		{D420FCC3-7324-480A-A00D-892C1F0257CF}.Debug|x64.Build.0 = Debug|Any CPU
		{D420FCC3-7324-480A-A00D-892C1F0257CF}.Release|Any CPU.ActiveCfg = Release|Any CPU
		{D420FCC3-7324-480A-A00D-892C1F0257CF}.Release|Any CPU.Build.0 = Release|Any CPU
		{D420FCC3-7324-480A-A00D-892C1F0257CF}.Release|x64.ActiveCfg = Release|Any CPU
		{D420FCC3-7324-480A-A00D-892C1F0257CF}.Release|x64.Build.0 = Release|Any CPU
		{9750B596-9C96-4A74-BFDA-81376B20EB1C}.Debug|Any CPU.ActiveCfg = Debug|Any CPU
		{9750B596-9C96-4A74-BFDA-81376B20EB1C}.Debug|Any CPU.Build.0 = Debug|Any CPU
		{9750B596-9C96-4A74-BFDA-81376B20EB1C}.Debug|x64.ActiveCfg = Debug|Any CPU
		{9750B596-9C96-4A74-BFDA-81376B20EB1C}.Debug|x64.Build.0 = Debug|Any CPU
		{9750B596-9C96-4A74-BFDA-81376B20EB1C}.Release|Any CPU.ActiveCfg = Release|Any CPU
		{9750B596-9C96-4A74-BFDA-81376B20EB1C}.Release|Any CPU.Build.0 = Release|Any CPU
		{9750B596-9C96-4A74-BFDA-81376B20EB1C}.Release|x64.ActiveCfg = Release|Any CPU
		{9750B596-9C96-4A74-BFDA-81376B20EB1C}.Release|x64.Build.0 = Release|Any CPU
		{8142A53D-2222-4201-AF39-BEFBA19DFE02}.Debug|Any CPU.ActiveCfg = Debug|Any CPU
		{8142A53D-2222-4201-AF39-BEFBA19DFE02}.Debug|Any CPU.Build.0 = Debug|Any CPU
		{8142A53D-2222-4201-AF39-BEFBA19DFE02}.Debug|x64.ActiveCfg = Debug|Any CPU
		{8142A53D-2222-4201-AF39-BEFBA19DFE02}.Debug|x64.Build.0 = Debug|Any CPU
		{8142A53D-2222-4201-AF39-BEFBA19DFE02}.Release|Any CPU.ActiveCfg = Release|Any CPU
		{8142A53D-2222-4201-AF39-BEFBA19DFE02}.Release|Any CPU.Build.0 = Release|Any CPU
		{8142A53D-2222-4201-AF39-BEFBA19DFE02}.Release|x64.ActiveCfg = Release|Any CPU
		{8142A53D-2222-4201-AF39-BEFBA19DFE02}.Release|x64.Build.0 = Release|Any CPU
		{35F4CAA7-24C6-4726-820C-D4B43CBDDDFE}.Debug|Any CPU.ActiveCfg = Debug|Any CPU
		{35F4CAA7-24C6-4726-820C-D4B43CBDDDFE}.Debug|Any CPU.Build.0 = Debug|Any CPU
		{35F4CAA7-24C6-4726-820C-D4B43CBDDDFE}.Debug|x64.ActiveCfg = Debug|Any CPU
		{35F4CAA7-24C6-4726-820C-D4B43CBDDDFE}.Debug|x64.Build.0 = Debug|Any CPU
		{35F4CAA7-24C6-4726-820C-D4B43CBDDDFE}.Release|Any CPU.ActiveCfg = Release|Any CPU
		{35F4CAA7-24C6-4726-820C-D4B43CBDDDFE}.Release|Any CPU.Build.0 = Release|Any CPU
		{35F4CAA7-24C6-4726-820C-D4B43CBDDDFE}.Release|x64.ActiveCfg = Release|Any CPU
		{35F4CAA7-24C6-4726-820C-D4B43CBDDDFE}.Release|x64.Build.0 = Release|Any CPU
		{0EBBB1CA-E810-4F86-9EDD-124BA2EA433E}.Debug|Any CPU.ActiveCfg = Debug|Any CPU
		{0EBBB1CA-E810-4F86-9EDD-124BA2EA433E}.Debug|Any CPU.Build.0 = Debug|Any CPU
		{0EBBB1CA-E810-4F86-9EDD-124BA2EA433E}.Debug|x64.ActiveCfg = Debug|Any CPU
		{0EBBB1CA-E810-4F86-9EDD-124BA2EA433E}.Debug|x64.Build.0 = Debug|Any CPU
		{0EBBB1CA-E810-4F86-9EDD-124BA2EA433E}.Release|Any CPU.ActiveCfg = Release|Any CPU
		{0EBBB1CA-E810-4F86-9EDD-124BA2EA433E}.Release|Any CPU.Build.0 = Release|Any CPU
		{0EBBB1CA-E810-4F86-9EDD-124BA2EA433E}.Release|x64.ActiveCfg = Release|Any CPU
		{0EBBB1CA-E810-4F86-9EDD-124BA2EA433E}.Release|x64.Build.0 = Release|Any CPU
		{875BD326-7347-4564-B413-961AD1AEF967}.Debug|Any CPU.ActiveCfg = Debug|Any CPU
		{875BD326-7347-4564-B413-961AD1AEF967}.Debug|Any CPU.Build.0 = Debug|Any CPU
		{875BD326-7347-4564-B413-961AD1AEF967}.Debug|x64.ActiveCfg = Debug|Any CPU
		{875BD326-7347-4564-B413-961AD1AEF967}.Debug|x64.Build.0 = Debug|Any CPU
		{875BD326-7347-4564-B413-961AD1AEF967}.Release|Any CPU.ActiveCfg = Release|Any CPU
		{875BD326-7347-4564-B413-961AD1AEF967}.Release|Any CPU.Build.0 = Release|Any CPU
		{875BD326-7347-4564-B413-961AD1AEF967}.Release|x64.ActiveCfg = Release|Any CPU
		{875BD326-7347-4564-B413-961AD1AEF967}.Release|x64.Build.0 = Release|Any CPU
		{1F85CB32-8E59-489B-B2A8-0F5B9D94B591}.Debug|Any CPU.ActiveCfg = Debug|Any CPU
		{1F85CB32-8E59-489B-B2A8-0F5B9D94B591}.Debug|Any CPU.Build.0 = Debug|Any CPU
		{1F85CB32-8E59-489B-B2A8-0F5B9D94B591}.Debug|x64.ActiveCfg = Debug|Any CPU
		{1F85CB32-8E59-489B-B2A8-0F5B9D94B591}.Debug|x64.Build.0 = Debug|Any CPU
		{1F85CB32-8E59-489B-B2A8-0F5B9D94B591}.Release|Any CPU.ActiveCfg = Release|Any CPU
		{1F85CB32-8E59-489B-B2A8-0F5B9D94B591}.Release|Any CPU.Build.0 = Release|Any CPU
		{1F85CB32-8E59-489B-B2A8-0F5B9D94B591}.Release|x64.ActiveCfg = Release|Any CPU
		{1F85CB32-8E59-489B-B2A8-0F5B9D94B591}.Release|x64.Build.0 = Release|Any CPU
		{FB9EC3CF-05A1-4947-9AFF-790197E58B65}.Debug|Any CPU.ActiveCfg = Debug|Any CPU
		{FB9EC3CF-05A1-4947-9AFF-790197E58B65}.Debug|Any CPU.Build.0 = Debug|Any CPU
		{FB9EC3CF-05A1-4947-9AFF-790197E58B65}.Debug|x64.ActiveCfg = Debug|Any CPU
		{FB9EC3CF-05A1-4947-9AFF-790197E58B65}.Debug|x64.Build.0 = Debug|Any CPU
		{FB9EC3CF-05A1-4947-9AFF-790197E58B65}.Release|Any CPU.ActiveCfg = Release|Any CPU
		{FB9EC3CF-05A1-4947-9AFF-790197E58B65}.Release|Any CPU.Build.0 = Release|Any CPU
		{FB9EC3CF-05A1-4947-9AFF-790197E58B65}.Release|x64.ActiveCfg = Release|Any CPU
		{FB9EC3CF-05A1-4947-9AFF-790197E58B65}.Release|x64.Build.0 = Release|Any CPU
	EndGlobalSection
	GlobalSection(SolutionProperties) = preSolution
		HideSolutionNode = FALSE
	EndGlobalSection
	GlobalSection(NestedProjects) = preSolution
		{8A6C90EF-140A-44E0-9CBD-9C178A8BC4A2} = {BD01B543-4098-4B5D-BE27-638F4D5EE37C}
		{F3BC7ED8-CF82-4167-8840-DCA0107BE8EE} = {BD01B543-4098-4B5D-BE27-638F4D5EE37C}
		{1F18DA3F-764B-4E21-9225-F73BCB5A363F} = {BD01B543-4098-4B5D-BE27-638F4D5EE37C}
		{354C7C04-D298-47E0-8CF2-419CDD6EA96E} = {619C5746-602D-443C-A007-4C147B2D16BC}
		{49AAA1EB-63A7-493C-8F5C-5FBC3F1D6322} = {619C5746-602D-443C-A007-4C147B2D16BC}
		{9144A343-F259-4470-B3ED-2749E58177BF} = {1110CB56-460E-47BF-AA08-9201BBBAA067}
		{5F42B613-59CA-4C68-8400-AE3382565C6F} = {BD01B543-4098-4B5D-BE27-638F4D5EE37C}
		{D7FC2A37-A288-4501-9AFD-9E931E21131E} = {619C5746-602D-443C-A007-4C147B2D16BC}
		{8FC04486-8EB3-42C1-9B32-09FBAC56DE30} = {BD01B543-4098-4B5D-BE27-638F4D5EE37C}
		{24B02A66-0083-40FC-81F5-918CDE87506B} = {1110CB56-460E-47BF-AA08-9201BBBAA067}
		{30BA6B70-522A-4EA0-86D0-E032E87DACF1} = {619C5746-602D-443C-A007-4C147B2D16BC}
		{E9582ADC-2025-4912-98E6-36BA7AE584FB} = {1110CB56-460E-47BF-AA08-9201BBBAA067}
		{86FBE802-E4F9-4E83-911F-0190CD5F142B} = {619C5746-602D-443C-A007-4C147B2D16BC}
		{FAE16BE0-5490-41A4-99F6-F4FFA223B492} = {1110CB56-460E-47BF-AA08-9201BBBAA067}
		{77C8ECD2-4130-4250-B87B-890872FD3A91} = {619C5746-602D-443C-A007-4C147B2D16BC}
		{6A27758B-A133-49ED-ADDB-9C636CEE968B} = {BD01B543-4098-4B5D-BE27-638F4D5EE37C}
		{5C25B2DC-4199-4561-8479-F753C4E1EE2A} = {BD01B543-4098-4B5D-BE27-638F4D5EE37C}
		{C8C19641-A2EA-460A-9794-33EE08292911} = {BD01B543-4098-4B5D-BE27-638F4D5EE37C}
		{CDFC2AFA-8A3A-4CED-A7DC-CDC11583B9CA} = {BD01B543-4098-4B5D-BE27-638F4D5EE37C}
		{C68DD4E3-8AC4-40C8-9B25-E3D6416C758B} = {BD01B543-4098-4B5D-BE27-638F4D5EE37C}
		{A760AAFA-6D06-4109-BB06-CC3968ECCAB0} = {BD01B543-4098-4B5D-BE27-638F4D5EE37C}
		{F7AD1EDC-6AC6-4489-8148-DBE7D04EFC9B} = {BD01B543-4098-4B5D-BE27-638F4D5EE37C}
		{619C5746-602D-443C-A007-4C147B2D16BC} = {6E955E63-1459-4D0D-9D75-DC3E24436173}
		{7F3CCB14-A720-4847-8245-48C2BC11564E} = {6E955E63-1459-4D0D-9D75-DC3E24436173}
		{E7495C97-A3C3-476A-B280-9ACD6512EC45} = {5628FDEA-45D3-4CBD-A657-57DB90768E2F}
		{2B8058A7-78BB-4EA5-9078-C735774B554E} = {5628FDEA-45D3-4CBD-A657-57DB90768E2F}
		{D420FCC3-7324-480A-A00D-892C1F0257CF} = {5628FDEA-45D3-4CBD-A657-57DB90768E2F}
		{9750B596-9C96-4A74-BFDA-81376B20EB1C} = {5628FDEA-45D3-4CBD-A657-57DB90768E2F}
		{8142A53D-2222-4201-AF39-BEFBA19DFE02} = {5628FDEA-45D3-4CBD-A657-57DB90768E2F}
		{35F4CAA7-24C6-4726-820C-D4B43CBDDDFE} = {5628FDEA-45D3-4CBD-A657-57DB90768E2F}
		{0EBBB1CA-E810-4F86-9EDD-124BA2EA433E} = {5628FDEA-45D3-4CBD-A657-57DB90768E2F}
		{875BD326-7347-4564-B413-961AD1AEF967} = {5628FDEA-45D3-4CBD-A657-57DB90768E2F}
		{1F85CB32-8E59-489B-B2A8-0F5B9D94B591} = {5628FDEA-45D3-4CBD-A657-57DB90768E2F}
		{FB9EC3CF-05A1-4947-9AFF-790197E58B65} = {5628FDEA-45D3-4CBD-A657-57DB90768E2F}
	EndGlobalSection
EndGlobal
